{
	"name": "OpenSpace",
	"lockfileVersion": 3,
	"requires": true,
	"packages": {
		"": {
			"dependencies": {
				"@openzeppelin/contracts": "^5.0.2"
			}
		},
		"node_modules/.pnpm/@openzeppelin+contracts@5.0.2/node_modules/@openzeppelin/contracts": {
			"version": "5.0.2",
			"license": "MIT"
		},
		"node_modules/@openzeppelin/contracts": {
			"resolved": "node_modules/.pnpm/@openzeppelin+contracts@5.0.2/node_modules/@openzeppelin/contracts",
			"link": true
		}
	}
}
